
Microsoft Visual Studio Solution File, Format Version 12.00
# Visual Studio Version 17
VisualStudioVersion = 17.4.33213.308
MinimumVisualStudioVersion = 10.0.40219.1
Project("{FAE04EC0-301F-11D3-BF4B-00C04F79EFBC}") = "практика 10", "практика 10.csproj", "{D33F0737-E0F2-4BCB-993E-9691A5F3997B}"
EndProject
Global
	GlobalSection(SolutionConfigurationPlatforms) = preSolution
		Debug|Any CPU = Debug|Any CPU
		Release|Any CPU = Release|Any CPU
	EndGlobalSection
	GlobalSection(ProjectConfigurationPlatforms) = postSolution
		{D33F0737-E0F2-4BCB-993E-9691A5F3997B}.Debug|Any CPU.ActiveCfg = Debug|Any CPU
		{D33F0737-E0F2-4BCB-993E-9691A5F3997B}.Debug|Any CPU.Build.0 = Debug|Any CPU
		{D33F0737-E0F2-4BCB-993E-9691A5F3997B}.Release|Any CPU.ActiveCfg = Release|Any CPU
		{D33F0737-E0F2-4BCB-993E-9691A5F3997B}.Release|Any CPU.Build.0 = Release|Any CPU
	EndGlobalSection
	GlobalSection(SolutionProperties) = preSolution
		HideSolutionNode = FALSE
	EndGlobalSection
	GlobalSection(ExtensibilityGlobals) = postSolution
		SolutionGuid = {78D98EE5-A2FF-4C69-8ACD-E64470B807B8}
	EndGlobalSection
EndGlobal
